# THIS IS AN AUTOGENERATED FILE. DO NOT EDIT THIS FILE DIRECTLY.
# yarn lockfile v1


fast-text-encoding@^1.0.0:
  version "1.0.0"
  resolved "https://registry.npm.taobao.org/fast-text-encoding/download/fast-text-encoding-1.0.0.tgz#3e5ce8293409cfaa7177a71b9ca84e1b1e6f25ef"
  integrity sha1-PlzoKTQJz6pxd6cbnKhOGx5vJe8=

pako@^1.0.10:
  version "1.0.10"
  resolved "https://registry.npm.taobao.org/pako/download/pako-1.0.10.tgz#4328badb5086a426aa90f541977d4955da5c9732"
  integrity sha1-Qyi621CGpCaqkPVBl31JVdpclzI=

qrpc-web@^1.0.0:
  version "1.0.0"
  resolved "https://registry.npm.taobao.org/qrpc-web/download/qrpc-web-1.0.0.tgz#9bf72902156bf716da1dbdbd7c87460ad106553f"
  integrity sha1-m/cpAhVr9xbaHb29fIdGCtEGVT8=
  dependencies:
    fast-text-encoding "^1.0.0"
    pako "^1.0.10"
